
Microsoft Visual Studio Solution File, Format Version 11.00
# Visual Studio 2010
Project("{FAE04EC0-301F-11D3-BF4B-00C04F79EFBC}") = "GravityWork", "Assembly-CSharp-firstpass.csproj", "{10BB2ADC-EA62-0BD1-873D-84F71AE1EBEB}"
EndProject
Project("{FAE04EC0-301F-11D3-BF4B-00C04F79EFBC}") = "GravityWork", "Assembly-CSharp.csproj", "{A37648CF-2D72-898B-1A7C-5AFE8BA2F630}"
EndProject
Project("{FAE04EC0-301F-11D3-BF4B-00C04F79EFBC}") = "GravityWork", "Assembly-CSharp-Editor-firstpass.csproj", "{B30C425D-F9D3-7A9F-3783-117C891A32A3}"
EndProject
Global
	GlobalSection(SolutionConfigurationPlatforms) = preSolution
		Debug|Any CPU = Debug|Any CPU
		Release|Any CPU = Release|Any CPU
	EndGlobalSection
	GlobalSection(ProjectConfigurationPlatforms) = postSolution
		{10BB2ADC-EA62-0BD1-873D-84F71AE1EBEB}.Debug|Any CPU.ActiveCfg = Debug|Any CPU
		{10BB2ADC-EA62-0BD1-873D-84F71AE1EBEB}.Debug|Any CPU.Build.0 = Debug|Any CPU
		{10BB2ADC-EA62-0BD1-873D-84F71AE1EBEB}.Release|Any CPU.ActiveCfg = Release|Any CPU
		{10BB2ADC-EA62-0BD1-873D-84F71AE1EBEB}.Release|Any CPU.Build.0 = Release|Any CPU
		{A37648CF-2D72-898B-1A7C-5AFE8BA2F630}.Debug|Any CPU.ActiveCfg = Debug|Any CPU
		{A37648CF-2D72-898B-1A7C-5AFE8BA2F630}.Debug|Any CPU.Build.0 = Debug|Any CPU
		{A37648CF-2D72-898B-1A7C-5AFE8BA2F630}.Release|Any CPU.ActiveCfg = Release|Any CPU
		{A37648CF-2D72-898B-1A7C-5AFE8BA2F630}.Release|Any CPU.Build.0 = Release|Any CPU
		{B30C425D-F9D3-7A9F-3783-117C891A32A3}.Debug|Any CPU.ActiveCfg = Debug|Any CPU
		{B30C425D-F9D3-7A9F-3783-117C891A32A3}.Debug|Any CPU.Build.0 = Debug|Any CPU
		{B30C425D-F9D3-7A9F-3783-117C891A32A3}.Release|Any CPU.ActiveCfg = Release|Any CPU
		{B30C425D-F9D3-7A9F-3783-117C891A32A3}.Release|Any CPU.Build.0 = Release|Any CPU
	EndGlobalSection
	GlobalSection(SolutionProperties) = preSolution
		HideSolutionNode = FALSE
	EndGlobalSection
	GlobalSection(MonoDevelopProperties) = preSolution
		StartupItem = Assembly-CSharp.csproj
	EndGlobalSection
EndGlobal
